# Active reduced-stack images, resolved from the reviewed tags on 2026-09-07.
supabase/studio:2026.08.03-sha-022b374@sha256:606aca9fdaa753b60968d5c304e2ada83869b76c9043684e63d5885aca9550e8
envoyproxy/envoy:v1.39.0@sha256:d59f7f5fa10cff6d5892b6c5e7df5c9297ddfb2c3683e33fbfb82da24de4fa66
supabase/gotrue:v2.189.0@sha256:385184459f57569c54c25209f51f3b2be99ddd7c4ce9e3555b5d3eea8447b7cf
postgrest/postgrest:v14.12@sha256:54000f24847d01a2c2302e0041cf0618b875c57fb48507d743cfa9aaa50bf43c
supabase/postgres-meta:v0.96.6@sha256:a84cc713585eea7b401e4a2561ec4a1e48c87083d1c7ecb4502f204bb4391300
supabase/postgres:17.6.1.136@sha256:f371b5f3f2ac0a05703f33d6e6134515fb2498cab708fb948a0aeb7481467c00
supabase/supavisor:2.9.5@sha256:31c2f05b13b11069660fdfae2f6cfd37b509748d2710aca121cfee8b16cb8b07
axllent/mailpit:v1.31.1@sha256:98b916bd3c8d61f7633a52d3ea2f58d00620cb01ca57ab59edde68c347a95365
